
Microsoft Visual Studio Solution File, Format Version 12.00
# Visual Studio Version 17
VisualStudioVersion = 17.4.33213.308
MinimumVisualStudioVersion = 10.0.40219.1
Project("{FAE04EC0-301F-11D3-BF4B-00C04F79EFBC}") = "MySchoolApp", "MySchoolApp.csproj", "{447DB7DB-C87E-431C-B1CD-33718F87E9A1}"
EndProject
Global
	GlobalSection(SolutionConfigurationPlatforms) = preSolution
		Debug|Any CPU = Debug|Any CPU
		Release|Any CPU = Release|Any CPU
	EndGlobalSection
	GlobalSection(ProjectConfigurationPlatforms) = postSolution
		{447DB7DB-C87E-431C-B1CD-33718F87E9A1}.Debug|Any CPU.ActiveCfg = Debug|Any CPU
		{447DB7DB-C87E-431C-B1CD-33718F87E9A1}.Debug|Any CPU.Build.0 = Debug|Any CPU
		{447DB7DB-C87E-431C-B1CD-33718F87E9A1}.Release|Any CPU.ActiveCfg = Release|Any CPU
		{447DB7DB-C87E-431C-B1CD-33718F87E9A1}.Release|Any CPU.Build.0 = Release|Any CPU
	EndGlobalSection
	GlobalSection(SolutionProperties) = preSolution
		HideSolutionNode = FALSE
	EndGlobalSection
	GlobalSection(ExtensibilityGlobals) = postSolution
		SolutionGuid = {CF28E0A2-C451-403C-BFD4-1E2C2930380E}
	EndGlobalSection
EndGlobal
